
Microsoft Visual Studio Solution File, Format Version 12.00
# Visual Studio Version 17
VisualStudioVersion = 17.10.34916.146
MinimumVisualStudioVersion = 10.0.40219.1
Project("{FAE04EC0-301F-11D3-BF4B-00C04F79EFBC}") = "PathfindingWPF", "PathfindingWPF\PathfindingWPF.csproj", "{E8843CC3-38FA-4A21-BC89-708576E49207}"
EndProject
Global
	GlobalSection(SolutionConfigurationPlatforms) = preSolution
		Debug|Any CPU = Debug|Any CPU
		Release|Any CPU = Release|Any CPU
	EndGlobalSection
	GlobalSection(ProjectConfigurationPlatforms) = postSolution
		{E8843CC3-38FA-4A21-BC89-708576E49207}.Debug|Any CPU.ActiveCfg = Debug|Any CPU
		{E8843CC3-38FA-4A21-BC89-708576E49207}.Debug|Any CPU.Build.0 = Debug|Any CPU
		{E8843CC3-38FA-4A21-BC89-708576E49207}.Release|Any CPU.ActiveCfg = Release|Any CPU
		{E8843CC3-38FA-4A21-BC89-708576E49207}.Release|Any CPU.Build.0 = Release|Any CPU
	EndGlobalSection
	GlobalSection(SolutionProperties) = preSolution
		HideSolutionNode = FALSE
	EndGlobalSection
	GlobalSection(ExtensibilityGlobals) = postSolution
		SolutionGuid = {114EDEAF-BDDB-447D-B2EB-A6ADE448B712}
	EndGlobalSection
EndGlobal
